// !$*UTF8*$!
{
	archiveVersion = 1;
	classes = {
	};
	objectVersion = 55;
	objects = {

/* Begin PBXBuildFile section */
		06210BEA2816E00100D5E3E6 /* TopRoundedTextView.swift in Sources */ = {isa = PBXBuildFile; fileRef = 06210BE92816E00100D5E3E6 /* TopRoundedTextView.swift */; };
		06210BEC2816E08D00D5E3E6 /* BottomRoundedTextView.swift in Sources */ = {isa = PBXBuildFile; fileRef = 06210BEB2816E08D00D5E3E6 /* BottomRoundedTextView.swift */; };
		06210BEE2816E44A00D5E3E6 /* Exchange.swift in Sources */ = {isa = PBXBuildFile; fileRef = 06210BED2816E44A00D5E3E6 /* Exchange.swift */; };
		06210BF02816F8BF00D5E3E6 /* ExchangeManager.swift in Sources */ = {isa = PBXBuildFile; fileRef = 06210BEF2816F8BF00D5E3E6 /* ExchangeManager.swift */; };
		06210BF22817E19900D5E3E6 /* Notification.swift in Sources */ = {isa = PBXBuildFile; fileRef = 06210BF12817E19900D5E3E6 /* Notification.swift */; };
		06210BF4281839D300D5E3E6 /* Translation.swift in Sources */ = {isa = PBXBuildFile; fileRef = 06210BF3281839D300D5E3E6 /* Translation.swift */; };
		06210BF628183A3C00D5E3E6 /* TranslationManager.swift in Sources */ = {isa = PBXBuildFile; fileRef = 06210BF528183A3C00D5E3E6 /* TranslationManager.swift */; };
		06210BFA2818481100D5E3E6 /* WeatherManager.swift in Sources */ = {isa = PBXBuildFile; fileRef = 06210BF92818481100D5E3E6 /* WeatherManager.swift */; };
		062E673B2816C975005AACE4 /* CollectionViewCell.swift in Sources */ = {isa = PBXBuildFile; fileRef = 062E673A2816C975005AACE4 /* CollectionViewCell.swift */; };
		062E673D2816CE55005AACE4 /* Weather.swift in Sources */ = {isa = PBXBuildFile; fileRef = 062E673C2816CE55005AACE4 /* Weather.swift */; };
		062E67432816D177005AACE4 /* WeatherController.swift in Sources */ = {isa = PBXBuildFile; fileRef = 062E67422816D177005AACE4 /* WeatherController.swift */; };
		062E67452816D2F7005AACE4 /* TranslateController.swift in Sources */ = {isa = PBXBuildFile; fileRef = 062E67442816D2F7005AACE4 /* TranslateController.swift */; };
		062E67472816D311005AACE4 /* ExchangeController.swift in Sources */ = {isa = PBXBuildFile; fileRef = 062E67462816D311005AACE4 /* ExchangeController.swift */; };
		06B74176282AC0A200323171 /* NetworkManager.swift in Sources */ = {isa = PBXBuildFile; fileRef = 06B74175282AC0A200323171 /* NetworkManager.swift */; };
		06B74178282AE1EC00323171 /* NotificationManager.swift in Sources */ = {isa = PBXBuildFile; fileRef = 06B74177282AE1EC00323171 /* NotificationManager.swift */; };
		06C552482812E6DE0048C41C /* AppDelegate.swift in Sources */ = {isa = PBXBuildFile; fileRef = 06C552472812E6DE0048C41C /* AppDelegate.swift */; };
		06C5524A2812E6DE0048C41C /* SceneDelegate.swift in Sources */ = {isa = PBXBuildFile; fileRef = 06C552492812E6DE0048C41C /* SceneDelegate.swift */; };
		06C5524F2812E6DE0048C41C /* Main.storyboard in Resources */ = {isa = PBXBuildFile; fileRef = 06C5524D2812E6DE0048C41C /* Main.storyboard */; };
		06C552522812E6DE0048C41C /* Baluchon.xcdatamodeld in Sources */ = {isa = PBXBuildFile; fileRef = 06C552502812E6DE0048C41C /* Baluchon.xcdatamodeld */; };
		06C552542812E6E10048C41C /* Assets.xcassets in Resources */ = {isa = PBXBuildFile; fileRef = 06C552532812E6E10048C41C /* Assets.xcassets */; };
		06C552572812E6E10048C41C /* LaunchScreen.storyboard in Resources */ = {isa = PBXBuildFile; fileRef = 06C552552812E6E10048C41C /* LaunchScreen.storyboard */; };
		06C552622812E6E10048C41C /* BaluchonTests.swift in Sources */ = {isa = PBXBuildFile; fileRef = 06C552612812E6E10048C41C /* BaluchonTests.swift */; };
		06C5526C2812E6E10048C41C /* BaluchonUITests.swift in Sources */ = {isa = PBXBuildFile; fileRef = 06C5526B2812E6E10048C41C /* BaluchonUITests.swift */; };
		06C5526E2812E6E10048C41C /* BaluchonUITestsLaunchTests.swift in Sources */ = {isa = PBXBuildFile; fileRef = 06C5526D2812E6E10048C41C /* BaluchonUITestsLaunchTests.swift */; };
/* End PBXBuildFile section */

/* Begin PBXContainerItemProxy section */
		06C5525E2812E6E10048C41C /* PBXContainerItemProxy */ = {
			isa = PBXContainerItemProxy;
			containerPortal = 06C5523C2812E6DE0048C41C /* Project object */;
			proxyType = 1;
			remoteGlobalIDString = 06C552432812E6DE0048C41C;
			remoteInfo = Baluchon;
		};
		06C552682812E6E10048C41C /* PBXContainerItemProxy */ = {
			isa = PBXContainerItemProxy;
			containerPortal = 06C5523C2812E6DE0048C41C /* Project object */;
			proxyType = 1;
			remoteGlobalIDString = 06C552432812E6DE0048C41C;
			remoteInfo = Baluchon;
		};
/* End PBXContainerItemProxy section */

/* Begin PBXFileReference section */
		06210BE92816E00100D5E3E6 /* TopRoundedTextView.swift */ = {isa = PBXFileReference; lastKnownFileType = sourcecode.swift; path = TopRoundedTextView.swift; sourceTree = "<group>"; };
		06210BEB2816E08D00D5E3E6 /* BottomRoundedTextView.swift */ = {isa = PBXFileReference; lastKnownFileType = sourcecode.swift; path = BottomRoundedTextView.swift; sourceTree = "<group>"; };
		06210BED2816E44A00D5E3E6 /* Exchange.swift */ = {isa = PBXFileReference; lastKnownFileType = sourcecode.swift; path = Exchange.swift; sourceTree = "<group>"; };
		06210BEF2816F8BF00D5E3E6 /* ExchangeManager.swift */ = {isa = PBXFileReference; lastKnownFileType = sourcecode.swift; path = ExchangeManager.swift; sourceTree = "<group>"; };
		06210BF12817E19900D5E3E6 /* Notification.swift */ = {isa = PBXFileReference; lastKnownFileType = sourcecode.swift; path = Notification.swift; sourceTree = "<group>"; };
		06210BF3281839D300D5E3E6 /* Translation.swift */ = {isa = PBXFileReference; lastKnownFileType = sourcecode.swift; path = Translation.swift; sourceTree = "<group>"; };
		06210BF528183A3C00D5E3E6 /* TranslationManager.swift */ = {isa = PBXFileReference; lastKnownFileType = sourcecode.swift; path = TranslationManager.swift; sourceTree = "<group>"; };
		06210BF92818481100D5E3E6 /* WeatherManager.swift */ = {isa = PBXFileReference; lastKnownFileType = sourcecode.swift; path = WeatherManager.swift; sourceTree = "<group>"; };
		062E673A2816C975005AACE4 /* CollectionViewCell.swift */ = {isa = PBXFileReference; lastKnownFileType = sourcecode.swift; path = CollectionViewCell.swift; sourceTree = "<group>"; };
		062E673C2816CE55005AACE4 /* Weather.swift */ = {isa = PBXFileReference; lastKnownFileType = sourcecode.swift; path = Weather.swift; sourceTree = "<group>"; };
		062E67422816D177005AACE4 /* WeatherController.swift */ = {isa = PBXFileReference; lastKnownFileType = sourcecode.swift; path = WeatherController.swift; sourceTree = "<group>"; };
		062E67442816D2F7005AACE4 /* TranslateController.swift */ = {isa = PBXFileReference; lastKnownFileType = sourcecode.swift; path = TranslateController.swift; sourceTree = "<group>"; };
		062E67462816D311005AACE4 /* ExchangeController.swift */ = {isa = PBXFileReference; lastKnownFileType = sourcecode.swift; path = ExchangeController.swift; sourceTree = "<group>"; };
		06B74175282AC0A200323171 /* NetworkManager.swift */ = {isa = PBXFileReference; lastKnownFileType = sourcecode.swift; path = NetworkManager.swift; sourceTree = "<group>"; };
		06B74177282AE1EC00323171 /* NotificationManager.swift */ = {isa = PBXFileReference; lastKnownFileType = sourcecode.swift; path = NotificationManager.swift; sourceTree = "<group>"; };
		06C552442812E6DE0048C41C /* Baluchon.app */ = {isa = PBXFileReference; explicitFileType = wrapper.application; includeInIndex = 0; path = Baluchon.app; sourceTree = BUILT_PRODUCTS_DIR; };
		06C552472812E6DE0048C41C /* AppDelegate.swift */ = {isa = PBXFileReference; lastKnownFileType = sourcecode.swift; path = AppDelegate.swift; sourceTree = "<group>"; };
		06C552492812E6DE0048C41C /* SceneDelegate.swift */ = {isa = PBXFileReference; lastKnownFileType = sourcecode.swift; path = SceneDelegate.swift; sourceTree = "<group>"; };
		06C5524E2812E6DE0048C41C /* Base */ = {isa = PBXFileReference; lastKnownFileType = file.storyboard; name = Base; path = Base.lproj/Main.storyboard; sourceTree = "<group>"; };
		06C552512812E6DE0048C41C /* Baluchon.xcdatamodel */ = {isa = PBXFileReference; lastKnownFileType = wrapper.xcdatamodel; path = Baluchon.xcdatamodel; sourceTree = "<group>"; };
		06C552532812E6E10048C41C /* Assets.xcassets */ = {isa = PBXFileReference; lastKnownFileType = folder.assetcatalog; path = Assets.xcassets; sourceTree = "<group>"; };
		06C552562812E6E10048C41C /* Base */ = {isa = PBXFileReference; lastKnownFileType = file.storyboard; name = Base; path = Base.lproj/LaunchScreen.storyboard; sourceTree = "<group>"; };
		06C552582812E6E10048C41C /* Info.plist */ = {isa = PBXFileReference; lastKnownFileType = text.plist.xml; path = Info.plist; sourceTree = "<group>"; };
		06C5525D2812E6E10048C41C /* BaluchonTests.xctest */ = {isa = PBXFileReference; explicitFileType = wrapper.cfbundle; includeInIndex = 0; path = BaluchonTests.xctest; sourceTree = BUILT_PRODUCTS_DIR; };
		06C552612812E6E10048C41C /* BaluchonTests.swift */ = {isa = PBXFileReference; lastKnownFileType = sourcecode.swift; path = BaluchonTests.swift; sourceTree = "<group>"; };
		06C552672812E6E10048C41C /* BaluchonUITests.xctest */ = {isa = PBXFileReference; explicitFileType = wrapper.cfbundle; includeInIndex = 0; path = BaluchonUITests.xctest; sourceTree = BUILT_PRODUCTS_DIR; };
		06C5526B2812E6E10048C41C /* BaluchonUITests.swift */ = {isa = PBXFileReference; lastKnownFileType = sourcecode.swift; path = BaluchonUITests.swift; sourceTree = "<group>"; };
		06C5526D2812E6E10048C41C /* BaluchonUITestsLaunchTests.swift */ = {isa = PBXFileReference; lastKnownFileType = sourcecode.swift; path = BaluchonUITestsLaunchTests.swift; sourceTree = "<group>"; };
/* End PBXFileReference section */

/* Begin PBXFrameworksBuildPhase section */
		06C552412812E6DE0048C41C /* Frameworks */ = {
			isa = PBXFrameworksBuildPhase;
			buildActionMask = 2147483647;
			files = (
			);
			runOnlyForDeploymentPostprocessing = 0;
		};
		06C5525A2812E6E10048C41C /* Frameworks */ = {
			isa = PBXFrameworksBuildPhase;
			buildActionMask = 2147483647;
			files = (
			);
			runOnlyForDeploymentPostprocessing = 0;
		};
		06C552642812E6E10048C41C /* Frameworks */ = {
			isa = PBXFrameworksBuildPhase;
			buildActionMask = 2147483647;
			files = (
			);
			runOnlyForDeploymentPostprocessing = 0;
		};
/* End PBXFrameworksBuildPhase section */

/* Begin PBXGroup section */
		06C5523B2812E6DE0048C41C = {
			isa = PBXGroup;
			children = (
				06C552462812E6DE0048C41C /* Baluchon */,
				06C552602812E6E10048C41C /* BaluchonTests */,
				06C5526A2812E6E10048C41C /* BaluchonUITests */,
				06C552452812E6DE0048C41C /* Products */,
			);
			sourceTree = "<group>";
		};
		06C552452812E6DE0048C41C /* Products */ = {
			isa = PBXGroup;
			children = (
				06C552442812E6DE0048C41C /* Baluchon.app */,
				06C5525D2812E6E10048C41C /* BaluchonTests.xctest */,
				06C552672812E6E10048C41C /* BaluchonUITests.xctest */,
			);
			name = Products;
			sourceTree = "<group>";
		};
		06C552462812E6DE0048C41C /* Baluchon */ = {
			isa = PBXGroup;
			children = (
				06C5527D2812E6FA0048C41C /* Supporting Files */,
				06C5527A2812E6EE0048C41C /* Model */,
				06C5527C2812E6F60048C41C /* Controller */,
				06C5527B2812E6F20048C41C /* View */,
			);
			path = Baluchon;
			sourceTree = "<group>";
		};
		06C552602812E6E10048C41C /* BaluchonTests */ = {
			isa = PBXGroup;
			children = (
				06C552612812E6E10048C41C /* BaluchonTests.swift */,
			);
			path = BaluchonTests;
			sourceTree = "<group>";
		};
		06C5526A2812E6E10048C41C /* BaluchonUITests */ = {
			isa = PBXGroup;
			children = (
				06C5526B2812E6E10048C41C /* BaluchonUITests.swift */,
				06C5526D2812E6E10048C41C /* BaluchonUITestsLaunchTests.swift */,
			);
			path = BaluchonUITests;
			sourceTree = "<group>";
		};
		06C5527A2812E6EE0048C41C /* Model */ = {
			isa = PBXGroup;
			children = (
				06210BED2816E44A00D5E3E6 /* Exchange.swift */,
				06210BEF2816F8BF00D5E3E6 /* ExchangeManager.swift */,
				06210BF3281839D300D5E3E6 /* Translation.swift */,
				06210BF528183A3C00D5E3E6 /* TranslationManager.swift */,
				062E673C2816CE55005AACE4 /* Weather.swift */,
				06210BF92818481100D5E3E6 /* WeatherManager.swift */,
				06B74175282AC0A200323171 /* NetworkManager.swift */,
				06210BF12817E19900D5E3E6 /* Notification.swift */,
				06B74177282AE1EC00323171 /* NotificationManager.swift */,
			);
			path = Model;
			sourceTree = "<group>";
		};
		06C5527B2812E6F20048C41C /* View */ = {
			isa = PBXGroup;
			children = (
				06C5524D2812E6DE0048C41C /* Main.storyboard */,
				062E673A2816C975005AACE4 /* CollectionViewCell.swift */,
				06210BE92816E00100D5E3E6 /* TopRoundedTextView.swift */,
				06210BEB2816E08D00D5E3E6 /* BottomRoundedTextView.swift */,
			);
			path = View;
			sourceTree = "<group>";
		};
		06C5527C2812E6F60048C41C /* Controller */ = {
			isa = PBXGroup;
			children = (
				062E67422816D177005AACE4 /* WeatherController.swift */,
				062E67442816D2F7005AACE4 /* TranslateController.swift */,
				062E67462816D311005AACE4 /* ExchangeController.swift */,
			);
			path = Controller;
			sourceTree = "<group>";
		};
		06C5527D2812E6FA0048C41C /* Supporting Files */ = {
			isa = PBXGroup;
			children = (
				06C552472812E6DE0048C41C /* AppDelegate.swift */,
				06C552492812E6DE0048C41C /* SceneDelegate.swift */,
				06C552532812E6E10048C41C /* Assets.xcassets */,
				06C552552812E6E10048C41C /* LaunchScreen.storyboard */,
				06C552502812E6DE0048C41C /* Baluchon.xcdatamodeld */,
				06C552582812E6E10048C41C /* Info.plist */,
			);
			path = "Supporting Files";
			sourceTree = "<group>";
		};
/* End PBXGroup section */

/* Begin PBXNativeTarget section */
		06C552432812E6DE0048C41C /* Baluchon */ = {
			isa = PBXNativeTarget;
			buildConfigurationList = 06C552712812E6E10048C41C /* Build configuration list for PBXNativeTarget "Baluchon" */;
			buildPhases = (
				06C552402812E6DE0048C41C /* Sources */,
				06C552412812E6DE0048C41C /* Frameworks */,
				06C552422812E6DE0048C41C /* Resources */,
			);
			buildRules = (
			);
			dependencies = (
			);
			name = Baluchon;
			productName = Baluchon;
			productReference = 06C552442812E6DE0048C41C /* Baluchon.app */;
			productType = "com.apple.product-type.application";
		};
		06C5525C2812E6E10048C41C /* BaluchonTests */ = {
			isa = PBXNativeTarget;
			buildConfigurationList = 06C552742812E6E10048C41C /* Build configuration list for PBXNativeTarget "BaluchonTests" */;
			buildPhases = (
				06C552592812E6E10048C41C /* Sources */,
				06C5525A2812E6E10048C41C /* Frameworks */,
				06C5525B2812E6E10048C41C /* Resources */,
			);
			buildRules = (
			);
			dependencies = (
				06C5525F2812E6E10048C41C /* PBXTargetDependency */,
			);
			name = BaluchonTests;
			productName = BaluchonTests;
			productReference = 06C5525D2812E6E10048C41C /* BaluchonTests.xctest */;
			productType = "com.apple.product-type.bundle.unit-test";
		};
		06C552662812E6E10048C41C /* BaluchonUITests */ = {
			isa = PBXNativeTarget;
			buildConfigurationList = 06C552772812E6E10048C41C /* Build configuration list for PBXNativeTarget "BaluchonUITests" */;
			buildPhases = (
				06C552632812E6E10048C41C /* Sources */,
				06C552642812E6E10048C41C /* Frameworks */,
				06C552652812E6E10048C41C /* Resources */,
			);
			buildRules = (
			);
			dependencies = (
				06C552692812E6E10048C41C /* PBXTargetDependency */,
			);
			name = BaluchonUITests;
			productName = BaluchonUITests;
			productReference = 06C552672812E6E10048C41C /* BaluchonUITests.xctest */;
			productType = "com.apple.product-type.bundle.ui-testing";
		};
/* End PBXNativeTarget section */

/* Begin PBXProject section */
		06C5523C2812E6DE0048C41C /* Project object */ = {
			isa = PBXProject;
			attributes = {
				BuildIndependentTargetsInParallel = 1;
				LastSwiftUpdateCheck = 1330;
				LastUpgradeCheck = 1330;
				TargetAttributes = {
					06C552432812E6DE0048C41C = {
						CreatedOnToolsVersion = 13.3.1;
					};
					06C5525C2812E6E10048C41C = {
						CreatedOnToolsVersion = 13.3.1;
						TestTargetID = 06C552432812E6DE0048C41C;
					};
					06C552662812E6E10048C41C = {
						CreatedOnToolsVersion = 13.3.1;
						TestTargetID = 06C552432812E6DE0048C41C;
					};
				};
			};
			buildConfigurationList = 06C5523F2812E6DE0048C41C /* Build configuration list for PBXProject "Baluchon" */;
			compatibilityVersion = "Xcode 13.0";
			developmentRegion = en;
			hasScannedForEncodings = 0;
			knownRegions = (
				en,
				Base,
			);
			mainGroup = 06C5523B2812E6DE0048C41C;
			productRefGroup = 06C552452812E6DE0048C41C /* Products */;
			projectDirPath = "";
			projectRoot = "";
			targets = (
				06C552432812E6DE0048C41C /* Baluchon */,
				06C5525C2812E6E10048C41C /* BaluchonTests */,
				06C552662812E6E10048C41C /* BaluchonUITests */,
			);
		};
/* End PBXProject section */

/* Begin PBXResourcesBuildPhase section */
		06C552422812E6DE0048C41C /* Resources */ = {
			isa = PBXResourcesBuildPhase;
			buildActionMask = 2147483647;
			files = (
				06C552572812E6E10048C41C /* LaunchScreen.storyboard in Resources */,
				06C552542812E6E10048C41C /* Assets.xcassets in Resources */,
				06C5524F2812E6DE0048C41C /* Main.storyboard in Resources */,
			);
			runOnlyForDeploymentPostprocessing = 0;
		};
		06C5525B2812E6E10048C41C /* Resources */ = {
			isa = PBXResourcesBuildPhase;
			buildActionMask = 2147483647;
			files = (
			);
			runOnlyForDeploymentPostprocessing = 0;
		};
		06C552652812E6E10048C41C /* Resources */ = {
			isa = PBXResourcesBuildPhase;
			buildActionMask = 2147483647;
			files = (
			);
			runOnlyForDeploymentPostprocessing = 0;
		};
/* End PBXResourcesBuildPhase section */

/* Begin PBXSourcesBuildPhase section */
		06C552402812E6DE0048C41C /* Sources */ = {
			isa = PBXSourcesBuildPhase;
			buildActionMask = 2147483647;
			files = (
				06C552522812E6DE0048C41C /* Baluchon.xcdatamodeld in Sources */,
				062E673B2816C975005AACE4 /* CollectionViewCell.swift in Sources */,
				062E67472816D311005AACE4 /* ExchangeController.swift in Sources */,
				06C552482812E6DE0048C41C /* AppDelegate.swift in Sources */,
				06210BF4281839D300D5E3E6 /* Translation.swift in Sources */,
				06210BF02816F8BF00D5E3E6 /* ExchangeManager.swift in Sources */,
				06210BEA2816E00100D5E3E6 /* TopRoundedTextView.swift in Sources */,
				06210BEE2816E44A00D5E3E6 /* Exchange.swift in Sources */,
				06210BF22817E19900D5E3E6 /* Notification.swift in Sources */,
				06C5524A2812E6DE0048C41C /* SceneDelegate.swift in Sources */,
				06B74176282AC0A200323171 /* NetworkManager.swift in Sources */,
				06210BFA2818481100D5E3E6 /* WeatherManager.swift in Sources */,
				06B74178282AE1EC00323171 /* NotificationManager.swift in Sources */,
				062E673D2816CE55005AACE4 /* Weather.swift in Sources */,
				062E67432816D177005AACE4 /* WeatherController.swift in Sources */,
				06210BEC2816E08D00D5E3E6 /* BottomRoundedTextView.swift in Sources */,
				062E67452816D2F7005AACE4 /* TranslateController.swift in Sources */,
				06210BF628183A3C00D5E3E6 /* TranslationManager.swift in Sources */,
			);
			runOnlyForDeploymentPostprocessing = 0;
		};
		06C552592812E6E10048C41C /* Sources */ = {
			isa = PBXSourcesBuildPhase;
			buildActionMask = 2147483647;
			files = (
				06C552622812E6E10048C41C /* BaluchonTests.swift in Sources */,
			);
			runOnlyForDeploymentPostprocessing = 0;
		};
		06C552632812E6E10048C41C /* Sources */ = {
			isa = PBXSourcesBuildPhase;
			buildActionMask = 2147483647;
			files = (
				06C5526E2812E6E10048C41C /* BaluchonUITestsLaunchTests.swift in Sources */,
				06C5526C2812E6E10048C41C /* BaluchonUITests.swift in Sources */,
			);
			runOnlyForDeploymentPostprocessing = 0;
		};
/* End PBXSourcesBuildPhase section */

/* Begin PBXTargetDependency section */
		06C5525F2812E6E10048C41C /* PBXTargetDependency */ = {
			isa = PBXTargetDependency;
			target = 06C552432812E6DE0048C41C /* Baluchon */;
			targetProxy = 06C5525E2812E6E10048C41C /* PBXContainerItemProxy */;
		};
		06C552692812E6E10048C41C /* PBXTargetDependency */ = {
			isa = PBXTargetDependency;
			target = 06C552432812E6DE0048C41C /* Baluchon */;
			targetProxy = 06C552682812E6E10048C41C /* PBXContainerItemProxy */;
		};
/* End PBXTargetDependency section */

/* Begin PBXVariantGroup section */
		06C5524D2812E6DE0048C41C /* Main.storyboard */ = {
			isa = PBXVariantGroup;
			children = (
				06C5524E2812E6DE0048C41C /* Base */,
			);
			name = Main.storyboard;
			sourceTree = "<group>";
		};
		06C552552812E6E10048C41C /* LaunchScreen.storyboard */ = {
			isa = PBXVariantGroup;
			children = (
				06C552562812E6E10048C41C /* Base */,
			);
			name = LaunchScreen.storyboard;
			sourceTree = "<group>";
		};
/* End PBXVariantGroup section */

/* Begin XCBuildConfiguration section */
		06C5526F2812E6E10048C41C /* Debug */ = {
			isa = XCBuildConfiguration;
			buildSettings = {
				ALWAYS_SEARCH_USER_PATHS = NO;
				CLANG_ANALYZER_NONNULL = YES;
				CLANG_ANALYZER_NUMBER_OBJECT_CONVERSION = YES_AGGRESSIVE;
				CLANG_CXX_LANGUAGE_STANDARD = "gnu++17";
				CLANG_ENABLE_MODULES = YES;
				CLANG_ENABLE_OBJC_ARC = YES;
				CLANG_ENABLE_OBJC_WEAK = YES;
				CLANG_WARN_BLOCK_CAPTURE_AUTORELEASING = YES;
				CLANG_WARN_BOOL_CONVERSION = YES;
				CLANG_WARN_COMMA = YES;
				CLANG_WARN_CONSTANT_CONVERSION = YES;
				CLANG_WARN_DEPRECATED_OBJC_IMPLEMENTATIONS = YES;
				CLANG_WARN_DIRECT_OBJC_ISA_USAGE = YES_ERROR;
				CLANG_WARN_DOCUMENTATION_COMMENTS = YES;
				CLANG_WARN_EMPTY_BODY = YES;
				CLANG_WARN_ENUM_CONVERSION = YES;
				CLANG_WARN_INFINITE_RECURSION = YES;
				CLANG_WARN_INT_CONVERSION = YES;
				CLANG_WARN_NON_LITERAL_NULL_CONVERSION = YES;
				CLANG_WARN_OBJC_IMPLICIT_RETAIN_SELF = YES;
				CLANG_WARN_OBJC_LITERAL_CONVERSION = YES;
				CLANG_WARN_OBJC_ROOT_CLASS = YES_ERROR;
				CLANG_WARN_QUOTED_INCLUDE_IN_FRAMEWORK_HEADER = YES;
				CLANG_WARN_RANGE_LOOP_ANALYSIS = YES;
				CLANG_WARN_STRICT_PROTOTYPES = YES;
				CLANG_WARN_SUSPICIOUS_MOVE = YES;
				CLANG_WARN_UNGUARDED_AVAILABILITY = YES_AGGRESSIVE;
				CLANG_WARN_UNREACHABLE_CODE = YES;
				CLANG_WARN__DUPLICATE_METHOD_MATCH = YES;
				COPY_PHASE_STRIP = NO;
				DEBUG_INFORMATION_FORMAT = dwarf;
				ENABLE_STRICT_OBJC_MSGSEND = YES;
				ENABLE_TESTABILITY = YES;
				GCC_C_LANGUAGE_STANDARD = gnu11;
				GCC_DYNAMIC_NO_PIC = NO;
				GCC_NO_COMMON_BLOCKS = YES;
				GCC_OPTIMIZATION_LEVEL = 0;
				GCC_PREPROCESSOR_DEFINITIONS = (
					"DEBUG=1",
					"$(inherited)",
				);
				GCC_WARN_64_TO_32_BIT_CONVERSION = YES;
				GCC_WARN_ABOUT_RETURN_TYPE = YES_ERROR;
				GCC_WARN_UNDECLARED_SELECTOR = YES;
				GCC_WARN_UNINITIALIZED_AUTOS = YES_AGGRESSIVE;
				GCC_WARN_UNUSED_FUNCTION = YES;
				GCC_WARN_UNUSED_VARIABLE = YES;
				IPHONEOS_DEPLOYMENT_TARGET = 11.0;
				MTL_ENABLE_DEBUG_INFO = INCLUDE_SOURCE;
				MTL_FAST_MATH = YES;
				ONLY_ACTIVE_ARCH = YES;
				SDKROOT = iphoneos;
				SWIFT_ACTIVE_COMPILATION_CONDITIONS = DEBUG;
				SWIFT_OPTIMIZATION_LEVEL = "-Onone";
			};
			name = Debug;
		};
		06C552702812E6E10048C41C /* Release */ = {
			isa = XCBuildConfiguration;
			buildSettings = {
				ALWAYS_SEARCH_USER_PATHS = NO;
				CLANG_ANALYZER_NONNULL = YES;
				CLANG_ANALYZER_NUMBER_OBJECT_CONVERSION = YES_AGGRESSIVE;
				CLANG_CXX_LANGUAGE_STANDARD = "gnu++17";
				CLANG_ENABLE_MODULES = YES;
				CLANG_ENABLE_OBJC_ARC = YES;
				CLANG_ENABLE_OBJC_WEAK = YES;
				CLANG_WARN_BLOCK_CAPTURE_AUTORELEASING = YES;
				CLANG_WARN_BOOL_CONVERSION = YES;
				CLANG_WARN_COMMA = YES;
				CLANG_WARN_CONSTANT_CONVERSION = YES;
				CLANG_WARN_DEPRECATED_OBJC_IMPLEMENTATIONS = YES;
				CLANG_WARN_DIRECT_OBJC_ISA_USAGE = YES_ERROR;
				CLANG_WARN_DOCUMENTATION_COMMENTS = YES;
				CLANG_WARN_EMPTY_BODY = YES;
				CLANG_WARN_ENUM_CONVERSION = YES;
				CLANG_WARN_INFINITE_RECURSION = YES;
				CLANG_WARN_INT_CONVERSION = YES;
				CLANG_WARN_NON_LITERAL_NULL_CONVERSION = YES;
				CLANG_WARN_OBJC_IMPLICIT_RETAIN_SELF = YES;
				CLANG_WARN_OBJC_LITERAL_CONVERSION = YES;
				CLANG_WARN_OBJC_ROOT_CLASS = YES_ERROR;
				CLANG_WARN_QUOTED_INCLUDE_IN_FRAMEWORK_HEADER = YES;
				CLANG_WARN_RANGE_LOOP_ANALYSIS = YES;
				CLANG_WARN_STRICT_PROTOTYPES = YES;
				CLANG_WARN_SUSPICIOUS_MOVE = YES;
				CLANG_WARN_UNGUARDED_AVAILABILITY = YES_AGGRESSIVE;
				CLANG_WARN_UNREACHABLE_CODE = YES;
				CLANG_WARN__DUPLICATE_METHOD_MATCH = YES;
				COPY_PHASE_STRIP = NO;
				DEBUG_INFORMATION_FORMAT = "dwarf-with-dsym";
				ENABLE_NS_ASSERTIONS = NO;
				ENABLE_STRICT_OBJC_MSGSEND = YES;
				GCC_C_LANGUAGE_STANDARD = gnu11;
				GCC_NO_COMMON_BLOCKS = YES;
				GCC_WARN_64_TO_32_BIT_CONVERSION = YES;
				GCC_WARN_ABOUT_RETURN_TYPE = YES_ERROR;
				GCC_WARN_UNDECLARED_SELECTOR = YES;
				GCC_WARN_UNINITIALIZED_AUTOS = YES_AGGRESSIVE;
				GCC_WARN_UNUSED_FUNCTION = YES;
				GCC_WARN_UNUSED_VARIABLE = YES;
				IPHONEOS_DEPLOYMENT_TARGET = 11.0;
				MTL_ENABLE_DEBUG_INFO = NO;
				MTL_FAST_MATH = YES;
				SDKROOT = iphoneos;
				SWIFT_COMPILATION_MODE = wholemodule;
				SWIFT_OPTIMIZATION_LEVEL = "-O";
				VALIDATE_PRODUCT = YES;
			};
			name = Release;
		};
		06C552722812E6E10048C41C /* Debug */ = {
			isa = XCBuildConfiguration;
			buildSettings = {
				ASSETCATALOG_COMPILER_APPICON_NAME = AppIcon;
				ASSETCATALOG_COMPILER_GLOBAL_ACCENT_COLOR_NAME = AccentColor;
				CODE_SIGN_STYLE = Automatic;
				CURRENT_PROJECT_VERSION = 1;
				DEVELOPMENT_TEAM = 6MAUVS763K;
				GENERATE_INFOPLIST_FILE = YES;
				INFOPLIST_FILE = "Baluchon/Supporting Files/Info.plist";
				INFOPLIST_KEY_UIApplicationSupportsIndirectInputEvents = YES;
				INFOPLIST_KEY_UILaunchStoryboardName = LaunchScreen;
				INFOPLIST_KEY_UIMainStoryboardFile = Main;
				INFOPLIST_KEY_UISupportedInterfaceOrientations = UIInterfaceOrientationPortrait;
				INFOPLIST_KEY_UISupportedInterfaceOrientations_iPad = "UIInterfaceOrientationPortrait UIInterfaceOrientationPortraitUpsideDown UIInterfaceOrientationLandscapeLeft UIInterfaceOrientationLandscapeRight";
				INFOPLIST_KEY_UISupportedInterfaceOrientations_iPhone = "UIInterfaceOrientationPortrait UIInterfaceOrientationLandscapeLeft UIInterfaceOrientationLandscapeRight";
				IPHONEOS_DEPLOYMENT_TARGET = 11.0;
				LD_RUNPATH_SEARCH_PATHS = (
					"$(inherited)",
					"@executable_path/Frameworks",
				);
				MARKETING_VERSION = 1.0;
				PRODUCT_BUNDLE_IDENTIFIER = com.desyntic.Baluchon;
				PRODUCT_NAME = "$(TARGET_NAME)";
				SWIFT_EMIT_LOC_STRINGS = YES;
				SWIFT_VERSION = 5.0;
				TARGETED_DEVICE_FAMILY = 1;
			};
			name = Debug;
		};
		06C552732812E6E10048C41C /* Release */ = {
			isa = XCBuildConfiguration;
			buildSettings = {
				ASSETCATALOG_COMPILER_APPICON_NAME = AppIcon;
				ASSETCATALOG_COMPILER_GLOBAL_ACCENT_COLOR_NAME = AccentColor;
				CODE_SIGN_STYLE = Automatic;
				CURRENT_PROJECT_VERSION = 1;
				DEVELOPMENT_TEAM = 6MAUVS763K;
				GENERATE_INFOPLIST_FILE = YES;
				INFOPLIST_FILE = "Baluchon/Supporting Files/Info.plist";
				INFOPLIST_KEY_UIApplicationSupportsIndirectInputEvents = YES;
				INFOPLIST_KEY_UILaunchStoryboardName = LaunchScreen;
				INFOPLIST_KEY_UIMainStoryboardFile = Main;
				INFOPLIST_KEY_UISupportedInterfaceOrientations = UIInterfaceOrientationPortrait;
				INFOPLIST_KEY_UISupportedInterfaceOrientations_iPad = "UIInterfaceOrientationPortrait UIInterfaceOrientationPortraitUpsideDown UIInterfaceOrientationLandscapeLeft UIInterfaceOrientationLandscapeRight";
				INFOPLIST_KEY_UISupportedInterfaceOrientations_iPhone = "UIInterfaceOrientationPortrait UIInterfaceOrientationLandscapeLeft UIInterfaceOrientationLandscapeRight";
				IPHONEOS_DEPLOYMENT_TARGET = 11.0;
				LD_RUNPATH_SEARCH_PATHS = (
					"$(inherited)",
					"@executable_path/Frameworks",
				);
				MARKETING_VERSION = 1.0;
				PRODUCT_BUNDLE_IDENTIFIER = com.desyntic.Baluchon;
				PRODUCT_NAME = "$(TARGET_NAME)";
				SWIFT_EMIT_LOC_STRINGS = YES;
				SWIFT_VERSION = 5.0;
				TARGETED_DEVICE_FAMILY = 1;
			};
			name = Release;
		};
		06C552752812E6E10048C41C /* Debug */ = {
			isa = XCBuildConfiguration;
			buildSettings = {
				ALWAYS_EMBED_SWIFT_STANDARD_LIBRARIES = YES;
				BUNDLE_LOADER = "$(TEST_HOST)";
				CODE_SIGN_STYLE = Automatic;
				CURRENT_PROJECT_VERSION = 1;
				DEVELOPMENT_TEAM = 6MAUVS763K;
				GENERATE_INFOPLIST_FILE = YES;
				IPHONEOS_DEPLOYMENT_TARGET = 15.4;
				MARKETING_VERSION = 1.0;
				PRODUCT_BUNDLE_IDENTIFIER = com.desyntic.BaluchonTests;
				PRODUCT_NAME = "$(TARGET_NAME)";
				SWIFT_EMIT_LOC_STRINGS = NO;
				SWIFT_VERSION = 5.0;
				TARGETED_DEVICE_FAMILY = "1,2";
				TEST_HOST = "$(BUILT_PRODUCTS_DIR)/Baluchon.app/Baluchon";
			};
			name = Debug;
		};
		06C552762812E6E10048C41C /* Release */ = {
			isa = XCBuildConfiguration;
			buildSettings = {
				ALWAYS_EMBED_SWIFT_STANDARD_LIBRARIES = YES;
				BUNDLE_LOADER = "$(TEST_HOST)";
				CODE_SIGN_STYLE = Automatic;
				CURRENT_PROJECT_VERSION = 1;
				DEVELOPMENT_TEAM = 6MAUVS763K;
				GENERATE_INFOPLIST_FILE = YES;
				IPHONEOS_DEPLOYMENT_TARGET = 15.4;
				MARKETING_VERSION = 1.0;
				PRODUCT_BUNDLE_IDENTIFIER = com.desyntic.BaluchonTests;
				PRODUCT_NAME = "$(TARGET_NAME)";
				SWIFT_EMIT_LOC_STRINGS = NO;
				SWIFT_VERSION = 5.0;
				TARGETED_DEVICE_FAMILY = "1,2";
				TEST_HOST = "$(BUILT_PRODUCTS_DIR)/Baluchon.app/Baluchon";
			};
			name = Release;
		};
		06C552782812E6E10048C41C /* Debug */ = {
			isa = XCBuildConfiguration;
			buildSettings = {
				ALWAYS_EMBED_SWIFT_STANDARD_LIBRARIES = YES;
				CODE_SIGN_STYLE = Automatic;
				CURRENT_PROJECT_VERSION = 1;
				DEVELOPMENT_TEAM = 6MAUVS763K;
				GENERATE_INFOPLIST_FILE = YES;
				MARKETING_VERSION = 1.0;
				PRODUCT_BUNDLE_IDENTIFIER = com.desyntic.BaluchonUITests;
				PRODUCT_NAME = "$(TARGET_NAME)";
				SWIFT_EMIT_LOC_STRINGS = NO;
				SWIFT_VERSION = 5.0;
				TARGETED_DEVICE_FAMILY = "1,2";
				TEST_TARGET_NAME = Baluchon;
			};
			name = Debug;
		};
		06C552792812E6E10048C41C /* Release */ = {
			isa = XCBuildConfiguration;
			buildSettings = {
				ALWAYS_EMBED_SWIFT_STANDARD_LIBRARIES = YES;
				CODE_SIGN_STYLE = Automatic;
				CURRENT_PROJECT_VERSION = 1;
				DEVELOPMENT_TEAM = 6MAUVS763K;
				GENERATE_INFOPLIST_FILE = YES;
				MARKETING_VERSION = 1.0;
				PRODUCT_BUNDLE_IDENTIFIER = com.desyntic.BaluchonUITests;
				PRODUCT_NAME = "$(TARGET_NAME)";
				SWIFT_EMIT_LOC_STRINGS = NO;
				SWIFT_VERSION = 5.0;
				TARGETED_DEVICE_FAMILY = "1,2";
				TEST_TARGET_NAME = Baluchon;
			};
			name = Release;
		};
/* End XCBuildConfiguration section */

/* Begin XCConfigurationList section */
		06C5523F2812E6DE0048C41C /* Build configuration list for PBXProject "Baluchon" */ = {
			isa = XCConfigurationList;
			buildConfigurations = (
				06C5526F2812E6E10048C41C /* Debug */,
				06C552702812E6E10048C41C /* Release */,
			);
			defaultConfigurationIsVisible = 0;
			defaultConfigurationName = Release;
		};
		06C552712812E6E10048C41C /* Build configuration list for PBXNativeTarget "Baluchon" */ = {
			isa = XCConfigurationList;
			buildConfigurations = (
				06C552722812E6E10048C41C /* Debug */,
				06C552732812E6E10048C41C /* Release */,
			);
			defaultConfigurationIsVisible = 0;
			defaultConfigurationName = Release;
		};
		06C552742812E6E10048C41C /* Build configuration list for PBXNativeTarget "BaluchonTests" */ = {
			isa = XCConfigurationList;
			buildConfigurations = (
				06C552752812E6E10048C41C /* Debug */,
				06C552762812E6E10048C41C /* Release */,
			);
			defaultConfigurationIsVisible = 0;
			defaultConfigurationName = Release;
		};
		06C552772812E6E10048C41C /* Build configuration list for PBXNativeTarget "BaluchonUITests" */ = {
			isa = XCConfigurationList;
			buildConfigurations = (
				06C552782812E6E10048C41C /* Debug */,
				06C552792812E6E10048C41C /* Release */,
			);
			defaultConfigurationIsVisible = 0;
			defaultConfigurationName = Release;
		};
/* End XCConfigurationList section */

/* Begin XCVersionGroup section */
		06C552502812E6DE0048C41C /* Baluchon.xcdatamodeld */ = {
			isa = XCVersionGroup;
			children = (
				06C552512812E6DE0048C41C /* Baluchon.xcdatamodel */,
			);
			currentVersion = 06C552512812E6DE0048C41C /* Baluchon.xcdatamodel */;
			path = Baluchon.xcdatamodeld;
			sourceTree = "<group>";
			versionGroupType = wrapper.xcdatamodel;
		};
/* End XCVersionGroup section */
	};
	rootObject = 06C5523C2812E6DE0048C41C /* Project object */;
}
